<Solution>
  <Folder Name="/Task0/">
    <Project Path="Tyuiu.WarkentinMA.Sprint0.Task0.V0/Tyuiu.WarkentinMA.Sprint0.Task0.V0.csproj" Id="34333ac3-6a06-40be-9437-ae783395771b" />
  </Folder>
  <Folder Name="/Task1/">
    <Project Path="Tyuiu.WarkentinMA.Sprint0.Task1.V0/Tyuiu.WarkentinMA.Sprint0.Task1.V0.csproj" Id="25e9121a-d326-4175-95b5-5b74958a98cb" />
  </Folder>
  <Folder Name="/Task2/">
    <Project Path="Tyuiu.WarkentinMA.Sprint0.Task2.V0.Lib/Tyuiu.WarkentinMA.Sprint0.Task2.V0.Lib.csproj" Id="da359bb9-f069-4d3c-950d-5b77d0980fd8" />
    <Project Path="Tyuiu.WarkentinMA.Sprint0.Task2.V0.Test/Tyuiu.WarkentinMA.Sprint0.Task2.V0.Test.csproj" Id="ab50b3a7-0bde-4f66-833e-22074b1309e3" />
    <Project Path="Tyuiu.WarkentinMA.Sprint0.Task2.V0/Tyuiu.WarkentinMA.Sprint0.Task2.V0.csproj" Id="3dd46da7-c275-4788-ae65-bb5cc0fab6e4" />
  </Folder>
  <Folder Name="/Task3/">
    <Project Path="Tyuiu.WarkentinMA.Sprint0.Task3.V0.Lib/Tyuiu.WarkentinMA.Sprint0.Task3.V0.Lib.csproj" Id="e4bffd1c-856e-4d81-a9c3-6e5a0a7a9539" />
    <Project Path="Tyuiu.WarkentinMA.Sprint0.Task3.V0.Test/Tyuiu.WarkentinMA.Sprint0.Task3.V0.Test.csproj" Id="c787715d-530b-40a1-9645-f60fb5af7a30" />
    <Project Path="Tyuiu.WarkentinMA.Sprint0.Task3.V0/Tyuiu.WarkentinMA.Sprint0.Task3.V0.csproj" Id="b2d8b26f-a814-421d-be03-318b4fb2059d" />
  </Folder>
  <Folder Name="/Task4/">
    <Project Path="Tyuiu.WarkentinMA.Sprint0.Task4.V0.Lib/Tyuiu.WarkentinMA.Sprint0.Task4.V0.Lib.csproj" Id="bdf0b7c9-8b42-4d2b-838e-98289fe9888a" />
    <Project Path="Tyuiu.WarkentinMA.Sprint0.Task4.V0.Test/Tyuiu.WarkentinMA.Sprint0.Task4.V0.Test.csproj" Id="291a6e81-cd28-4286-ad2d-e04e7d8b1685" />
    <Project Path="Tyuiu.WarkentinMA.Sprint0.Task4.V0/Tyuiu.WarkentinMA.Sprint0.Task4.V0.csproj" Id="5ee4ead5-fded-41eb-9657-724395da6c29" />
  </Folder>
  <Folder Name="/Task5/">
    <Project Path="Tyuiu.WarkentinMA.Sprint0.Task5.V0.Lib/Tyuiu.WarkentinMA.Sprint0.Task5.V0.Lib.csproj" Id="fefd82dd-2f8e-46c2-b61c-886fa9b64fba" />
    <Project Path="Tyuiu.WarkentinMA.Sprint0.Task5.V0.Test/Tyuiu.WarkentinMA.Sprint0.Task5.V0.Test.csproj" Id="acd4b5b1-569a-4015-b15d-ed77d852a23e" />
    <Project Path="Tyuiu.WarkentinMA.Sprint0.Task5.V0/Tyuiu.WarkentinMA.Sprint0.Task5.V0.csproj" Id="3f250fb2-f777-45ea-82d8-323acebf9ad8" />
  </Folder>
  <Folder Name="/Task6/">
    <Project Path="Tyuiu.WarkentinMA.Sprint0.Task6.V0.Lib/Tyuiu.WarkentinMA.Sprint0.Task6.V0.Lib.csproj" Id="b99ac84b-04cb-4e8b-97f7-c201d4ed9dbf" />
    <Project Path="Tyuiu.WarkentinMA.Sprint0.Task6.V0.Test/Tyuiu.WarkentinMA.Sprint0.Task6.V0.Test.csproj" Id="d9ff037a-037e-4582-b0d2-3d28e5490d9b" />
    <Project Path="Tyuiu.WarkentinMA.Sprint0.Task6.V0/Tyuiu.WarkentinMA.Sprint0.Task6.V0.csproj" Id="1d3e6492-b9de-42a7-b369-2a7fe188882e" />
  </Folder>
</Solution>
