<Solution>
  <Folder Name="/Task0/">
    <Project Path="Tyuiu.WarkentinMA.Sprint0.Task0.V0/Tyuiu.WarkentinMA.Sprint0.Task0.V0.csproj" Id="34333ac3-6a06-40be-9437-ae783395771b" />
  </Folder>
  <Folder Name="/Task1/">
    <Project Path="Tyuiu.WarkentinMA.Sprint0.Task1.V0/Tyuiu.WarkentinMA.Sprint0.Task1.V0.csproj" Id="25e9121a-d326-4175-95b5-5b74958a98cb" />
  </Folder>
  <Folder Name="/Task2/">
    <Project Path="Tyuiu.WarkentinMA.Sprint0.Task2.V0.Lib/Tyuiu.WarkentinMA.Sprint0.Task2.V0.Lib.csproj" Id="da359bb9-f069-4d3c-950d-5b77d0980fd8" />
    <Project Path="Tyuiu.WarkentinMA.Sprint0.Task2.V0.Test/Tyuiu.WarkentinMA.Sprint0.Task2.V0.Test.csproj" Id="ab50b3a7-0bde-4f66-833e-22074b1309e3" />
    <Project Path="Tyuiu.WarkentinMA.Sprint0.Task2.V0/Tyuiu.WarkentinMA.Sprint0.Task2.V0.csproj" Id="3dd46da7-c275-4788-ae65-bb5cc0fab6e4" />
  </Folder>
  <Folder Name="/Task3/">
    <Project Path="Tyuiu.WarkentinMA.Sprint0.Task3.V0.Lib/Tyuiu.WarkentinMA.Sprint0.Task3.V0.Lib.csproj" Id="e4bffd1c-856e-4d81-a9c3-6e5a0a7a9539" />
    <Project Path="Tyuiu.WarkentinMA.Sprint0.Task3.V0.Test/Tyuiu.WarkentinMA.Sprint0.Task3.V0.Test.csproj" Id="c787715d-530b-40a1-9645-f60fb5af7a30" />
    <Project Path="Tyuiu.WarkentinMA.Sprint0.Task3.V0/Tyuiu.WarkentinMA.Sprint0.Task3.V0.csproj" Id="b2d8b26f-a814-421d-be03-318b4fb2059d" />
  </Folder>
</Solution>
